
Microsoft Visual Studio Solution File, Format Version 9.00
# Visual Studio 2005
Project("{FAE04EC0-301F-11D3-BF4B-00C04F79EFBC}") = "Sample-Managed", "Sample-Managed.csproj", "{00F03502-072C-4F29-9C0A-D816F8DFD5C1}"
EndProject
Global
	GlobalSection(SolutionConfigurationPlatforms) = preSolution
		Debug|Any CPU = Debug|Any CPU
		Release|Any CPU = Release|Any CPU
	EndGlobalSection
	GlobalSection(ProjectConfigurationPlatforms) = postSolution
		{00F03502-072C-4F29-9C0A-D816F8DFD5C1}.Debug|Any CPU.ActiveCfg = Debug|Any CPU
		{00F03502-072C-4F29-9C0A-D816F8DFD5C1}.Debug|Any CPU.Build.0 = Debug|Any CPU
		{00F03502-072C-4F29-9C0A-D816F8DFD5C1}.Release|Any CPU.ActiveCfg = Release|Any CPU
		{00F03502-072C-4F29-9C0A-D816F8DFD5C1}.Release|Any CPU.Build.0 = Release|Any CPU
	EndGlobalSection
	GlobalSection(SolutionProperties) = preSolution
		HideSolutionNode = FALSE
	EndGlobalSection
EndGlobal
